
Microsoft Visual Studio Solution File, Format Version 12.00
# Visual Studio 15
VisualStudioVersion = 15.0.28307.168
MinimumVisualStudioVersion = 10.0.40219.1
Project("{9A19103F-16F7-4668-BE54-9A1E7A4F7556}") = "Nelly-cnsl", "Nelly-cnsl\Nelly-cnsl.csproj", "{B1984BBC-F2C2-4D06-8114-40EDE4858E2D}"
EndProject
Project("{9A19103F-16F7-4668-BE54-9A1E7A4F7556}") = "Nelly_cnsl.Tests", "Tests\Nelly_cnsl.Tests\Nelly_cnsl.Tests.csproj", "{914769E8-A221-4598-94E5-6808901BB1A0}"
EndProject
Project("{2150E333-8FDC-42A3-9474-1A3956D46DE8}") = "Tests", "Tests", "{B1B22FC8-A06A-4363-9441-10B7457DEBD1}"
EndProject
Project("{9A19103F-16F7-4668-BE54-9A1E7A4F7556}") = "Nelly.Logic", "Nelly.Logic\Nelly.Logic.csproj", "{6B87130E-5F82-4980-8F5D-87FCB125CF03}"
EndProject
Project("{9A19103F-16F7-4668-BE54-9A1E7A4F7556}") = "Nelly.Logic.Tests", "Tests\Nelly.Logic.Tests\Nelly.Logic.Tests.csproj", "{771A4545-A6C3-42F8-97D3-8576FA265378}"
EndProject
Project("{9A19103F-16F7-4668-BE54-9A1E7A4F7556}") = "Nelly.Database", "Nelly.Database\Nelly.Database.csproj", "{845DE872-FF9A-4D00-8AF0-4B60C4828450}"
EndProject
Project("{9A19103F-16F7-4668-BE54-9A1E7A4F7556}") = "Nelly.Database.Tests", "Tests\Nelly.Database.Tests\Nelly.Database.Tests.csproj", "{74AEA306-FFDD-4C3C-BB19-3595FE3AB983}"
EndProject
Project("{FAE04EC0-301F-11D3-BF4B-00C04F79EFBC}") = "Nelly.SlideBuilder", "Nelly.SlideBuilder\Nelly.SlideBuilder.csproj", "{0A6A9A8F-6166-4AFC-B099-4E7CDD2D29FC}"
EndProject
Global
	GlobalSection(SolutionConfigurationPlatforms) = preSolution
		Debug|Any CPU = Debug|Any CPU
		Release|Any CPU = Release|Any CPU
	EndGlobalSection
	GlobalSection(ProjectConfigurationPlatforms) = postSolution
		{B1984BBC-F2C2-4D06-8114-40EDE4858E2D}.Debug|Any CPU.ActiveCfg = Debug|Any CPU
		{B1984BBC-F2C2-4D06-8114-40EDE4858E2D}.Debug|Any CPU.Build.0 = Debug|Any CPU
		{B1984BBC-F2C2-4D06-8114-40EDE4858E2D}.Release|Any CPU.ActiveCfg = Release|Any CPU
		{B1984BBC-F2C2-4D06-8114-40EDE4858E2D}.Release|Any CPU.Build.0 = Release|Any CPU
		{914769E8-A221-4598-94E5-6808901BB1A0}.Debug|Any CPU.ActiveCfg = Debug|Any CPU
		{914769E8-A221-4598-94E5-6808901BB1A0}.Debug|Any CPU.Build.0 = Debug|Any CPU
		{914769E8-A221-4598-94E5-6808901BB1A0}.Release|Any CPU.ActiveCfg = Release|Any CPU
		{914769E8-A221-4598-94E5-6808901BB1A0}.Release|Any CPU.Build.0 = Release|Any CPU
		{6B87130E-5F82-4980-8F5D-87FCB125CF03}.Debug|Any CPU.ActiveCfg = Debug|Any CPU
		{6B87130E-5F82-4980-8F5D-87FCB125CF03}.Debug|Any CPU.Build.0 = Debug|Any CPU
		{6B87130E-5F82-4980-8F5D-87FCB125CF03}.Release|Any CPU.ActiveCfg = Release|Any CPU
		{6B87130E-5F82-4980-8F5D-87FCB125CF03}.Release|Any CPU.Build.0 = Release|Any CPU
		{771A4545-A6C3-42F8-97D3-8576FA265378}.Debug|Any CPU.ActiveCfg = Debug|Any CPU
		{771A4545-A6C3-42F8-97D3-8576FA265378}.Debug|Any CPU.Build.0 = Debug|Any CPU
		{771A4545-A6C3-42F8-97D3-8576FA265378}.Release|Any CPU.ActiveCfg = Release|Any CPU
		{771A4545-A6C3-42F8-97D3-8576FA265378}.Release|Any CPU.Build.0 = Release|Any CPU
		{845DE872-FF9A-4D00-8AF0-4B60C4828450}.Debug|Any CPU.ActiveCfg = Debug|Any CPU
		{845DE872-FF9A-4D00-8AF0-4B60C4828450}.Debug|Any CPU.Build.0 = Debug|Any CPU
		{845DE872-FF9A-4D00-8AF0-4B60C4828450}.Release|Any CPU.ActiveCfg = Release|Any CPU
		{845DE872-FF9A-4D00-8AF0-4B60C4828450}.Release|Any CPU.Build.0 = Release|Any CPU
		{74AEA306-FFDD-4C3C-BB19-3595FE3AB983}.Debug|Any CPU.ActiveCfg = Debug|Any CPU
		{74AEA306-FFDD-4C3C-BB19-3595FE3AB983}.Debug|Any CPU.Build.0 = Debug|Any CPU
		{74AEA306-FFDD-4C3C-BB19-3595FE3AB983}.Release|Any CPU.ActiveCfg = Release|Any CPU
		{74AEA306-FFDD-4C3C-BB19-3595FE3AB983}.Release|Any CPU.Build.0 = Release|Any CPU
		{0A6A9A8F-6166-4AFC-B099-4E7CDD2D29FC}.Debug|Any CPU.ActiveCfg = Debug|Any CPU
		{0A6A9A8F-6166-4AFC-B099-4E7CDD2D29FC}.Debug|Any CPU.Build.0 = Debug|Any CPU
		{0A6A9A8F-6166-4AFC-B099-4E7CDD2D29FC}.Release|Any CPU.ActiveCfg = Release|Any CPU
		{0A6A9A8F-6166-4AFC-B099-4E7CDD2D29FC}.Release|Any CPU.Build.0 = Release|Any CPU
	EndGlobalSection
	GlobalSection(SolutionProperties) = preSolution
		HideSolutionNode = FALSE
	EndGlobalSection
	GlobalSection(NestedProjects) = preSolution
		{914769E8-A221-4598-94E5-6808901BB1A0} = {B1B22FC8-A06A-4363-9441-10B7457DEBD1}
		{771A4545-A6C3-42F8-97D3-8576FA265378} = {B1B22FC8-A06A-4363-9441-10B7457DEBD1}
		{74AEA306-FFDD-4C3C-BB19-3595FE3AB983} = {B1B22FC8-A06A-4363-9441-10B7457DEBD1}
	EndGlobalSection
	GlobalSection(ExtensibilityGlobals) = postSolution
		SolutionGuid = {6F662095-EF28-4D5F-A82D-F4D02B24E475}
	EndGlobalSection
EndGlobal
